
Microsoft Visual Studio Solution File, Format Version 12.00
# Visual Studio Version 16
VisualStudioVersion = 25.0.1706.3
MinimumVisualStudioVersion = 10.0.40219.1
Project("{FAE04EC0-301F-11D3-BF4B-00C04F79EFBC}") = "Task_1", "Task_1\Task_1.csproj", "{09514B4C-1B9F-4CB4-9E24-BC31A2E6B751}"
EndProject
Project("{FAE04EC0-301F-11D3-BF4B-00C04F79EFBC}") = "Task_2", "Task_2\Task_2.csproj", "{B863858F-8843-4412-80F0-C793BD5EEFC8}"
EndProject
Global
	GlobalSection(SolutionConfigurationPlatforms) = preSolution
		Debug|Any CPU = Debug|Any CPU
		Release|Any CPU = Release|Any CPU
	EndGlobalSection
	GlobalSection(ProjectConfigurationPlatforms) = postSolution
		{09514B4C-1B9F-4CB4-9E24-BC31A2E6B751}.Debug|Any CPU.ActiveCfg = Debug|Any CPU
		{09514B4C-1B9F-4CB4-9E24-BC31A2E6B751}.Debug|Any CPU.Build.0 = Debug|Any CPU
		{09514B4C-1B9F-4CB4-9E24-BC31A2E6B751}.Release|Any CPU.ActiveCfg = Release|Any CPU
		{09514B4C-1B9F-4CB4-9E24-BC31A2E6B751}.Release|Any CPU.Build.0 = Release|Any CPU
		{B863858F-8843-4412-80F0-C793BD5EEFC8}.Debug|Any CPU.ActiveCfg = Debug|Any CPU
		{B863858F-8843-4412-80F0-C793BD5EEFC8}.Debug|Any CPU.Build.0 = Debug|Any CPU
		{B863858F-8843-4412-80F0-C793BD5EEFC8}.Release|Any CPU.ActiveCfg = Release|Any CPU
		{B863858F-8843-4412-80F0-C793BD5EEFC8}.Release|Any CPU.Build.0 = Release|Any CPU
	EndGlobalSection
	GlobalSection(SolutionProperties) = preSolution
		HideSolutionNode = FALSE
	EndGlobalSection
	GlobalSection(ExtensibilityGlobals) = postSolution
		SolutionGuid = {EC74E52A-9DAA-420D-8E50-02B03E5FBD0D}
	EndGlobalSection
EndGlobal
